
Microsoft Visual Studio Solution File, Format Version 12.00
# Visual Studio Version 17
VisualStudioVersion = 17.10.35027.167
MinimumVisualStudioVersion = 10.0.40219.1
Project("{FAE04EC0-301F-11D3-BF4B-00C04F79EFBC}") = "Quiz2", "Quiz2\Quiz2.csproj", "{1AD8A236-81C7-448F-9596-CA2681E0218F}"
EndProject
Global
	GlobalSection(SolutionConfigurationPlatforms) = preSolution
		Debug|Any CPU = Debug|Any CPU
		Release|Any CPU = Release|Any CPU
	EndGlobalSection
	GlobalSection(ProjectConfigurationPlatforms) = postSolution
		{1AD8A236-81C7-448F-9596-CA2681E0218F}.Debug|Any CPU.ActiveCfg = Debug|Any CPU
		{1AD8A236-81C7-448F-9596-CA2681E0218F}.Debug|Any CPU.Build.0 = Debug|Any CPU
		{1AD8A236-81C7-448F-9596-CA2681E0218F}.Release|Any CPU.ActiveCfg = Release|Any CPU
		{1AD8A236-81C7-448F-9596-CA2681E0218F}.Release|Any CPU.Build.0 = Release|Any CPU
	EndGlobalSection
	GlobalSection(SolutionProperties) = preSolution
		HideSolutionNode = FALSE
	EndGlobalSection
	GlobalSection(ExtensibilityGlobals) = postSolution
		SolutionGuid = {55C1786E-7701-4C29-A3B3-8C5073C51088}
	EndGlobalSection
EndGlobal
